// !$*UTF8*$!
{
	archiveVersion = 1;
	classes = {
	};
	objectVersion = 50;
	objects = {

/* Begin PBXBuildFile section */
		350B30AD212728CD000C636A /* AchievementsTableViewController.swift in Sources */ = {isa = PBXBuildFile; fileRef = 350B30AC212728CD000C636A /* AchievementsTableViewController.swift */; };
		3538DF95212739E8007AD686 /* UserAchievements.swift in Sources */ = {isa = PBXBuildFile; fileRef = 3538DF94212739E8007AD686 /* UserAchievements.swift */; };
		354FBDE920B0A361009D91BC /* MenuViewController.swift in Sources */ = {isa = PBXBuildFile; fileRef = 354FBDE820B0A361009D91BC /* MenuViewController.swift */; };
		354FBDEB20B0B234009D91BC /* Tile.swift in Sources */ = {isa = PBXBuildFile; fileRef = 354FBDEA20B0B234009D91BC /* Tile.swift */; };
		354FBDED20B0B84A009D91BC /* Board.swift in Sources */ = {isa = PBXBuildFile; fileRef = 354FBDEC20B0B84A009D91BC /* Board.swift */; };
		355CA79B20AF7BA000AB845E /* AppDelegate.swift in Sources */ = {isa = PBXBuildFile; fileRef = 355CA79A20AF7BA000AB845E /* AppDelegate.swift */; };
		355CA79D20AF7BA000AB845E /* ViewController.swift in Sources */ = {isa = PBXBuildFile; fileRef = 355CA79C20AF7BA000AB845E /* ViewController.swift */; };
		355CA7A020AF7BA000AB845E /* Main.storyboard in Resources */ = {isa = PBXBuildFile; fileRef = 355CA79E20AF7BA000AB845E /* Main.storyboard */; };
		355CA7A320AF7BA000AB845E /* Spaccaquindici.xcdatamodeld in Sources */ = {isa = PBXBuildFile; fileRef = 355CA7A120AF7BA000AB845E /* Spaccaquindici.xcdatamodeld */; };
		355CA7A520AF7BA200AB845E /* Assets.xcassets in Resources */ = {isa = PBXBuildFile; fileRef = 355CA7A420AF7BA200AB845E /* Assets.xcassets */; };
		355CA7A820AF7BA200AB845E /* LaunchScreen.storyboard in Resources */ = {isa = PBXBuildFile; fileRef = 355CA7A620AF7BA200AB845E /* LaunchScreen.storyboard */; };
		355CA7B320AF7BA200AB845E /* SpaccaquindiciTests.swift in Sources */ = {isa = PBXBuildFile; fileRef = 355CA7B220AF7BA200AB845E /* SpaccaquindiciTests.swift */; };
		3569DF2920C1661C000541B8 /* Default-568h@2x.png in Resources */ = {isa = PBXBuildFile; fileRef = 3569DF2820C1661C000541B8 /* Default-568h@2x.png */; };
		35CCCE1E212577F100C4719C /* Achievements.swift in Sources */ = {isa = PBXBuildFile; fileRef = 35CCCE1D212577F100C4719C /* Achievements.swift */; };
		35E6C55820C060BA00ECAF4F /* GameSetupViewController.swift in Sources */ = {isa = PBXBuildFile; fileRef = 35E6C55720C060BA00ECAF4F /* GameSetupViewController.swift */; };
		35E6C55A20C060D200ECAF4F /* GameViewController.swift in Sources */ = {isa = PBXBuildFile; fileRef = 35E6C55920C060D200ECAF4F /* GameViewController.swift */; };
		7BA375FC1892F65E39AC080A /* Pods_Spaccaquindici.framework in Frameworks */ = {isa = PBXBuildFile; fileRef = F204FEDE13E19691BD8326C8 /* Pods_Spaccaquindici.framework */; };
		DABE3C06CF070F9BC1B8D95F /* Pods_SpaccaquindiciTests.framework in Frameworks */ = {isa = PBXBuildFile; fileRef = 14A90E6338E69D8E02CD95A1 /* Pods_SpaccaquindiciTests.framework */; };
/* End PBXBuildFile section */

/* Begin PBXContainerItemProxy section */
		355CA7AF20AF7BA200AB845E /* PBXContainerItemProxy */ = {
			isa = PBXContainerItemProxy;
			containerPortal = 355CA78F20AF7BA000AB845E /* Project object */;
			proxyType = 1;
			remoteGlobalIDString = 355CA79620AF7BA000AB845E;
			remoteInfo = Spaccaquindici;
		};
/* End PBXContainerItemProxy section */

/* Begin PBXFileReference section */
		05163A0EF09749C27D3CF7F6 /* Pods-Spaccaquindici.debug.xcconfig */ = {isa = PBXFileReference; includeInIndex = 1; lastKnownFileType = text.xcconfig; name = "Pods-Spaccaquindici.debug.xcconfig"; path = "Pods/Target Support Files/Pods-Spaccaquindici/Pods-Spaccaquindici.debug.xcconfig"; sourceTree = "<group>"; };
		14A90E6338E69D8E02CD95A1 /* Pods_SpaccaquindiciTests.framework */ = {isa = PBXFileReference; explicitFileType = wrapper.framework; includeInIndex = 0; path = Pods_SpaccaquindiciTests.framework; sourceTree = BUILT_PRODUCTS_DIR; };
		1ECD1BCAF3D46475A0CFA0F1 /* Pods-SpaccaquindiciTests.debug.xcconfig */ = {isa = PBXFileReference; includeInIndex = 1; lastKnownFileType = text.xcconfig; name = "Pods-SpaccaquindiciTests.debug.xcconfig"; path = "Pods/Target Support Files/Pods-SpaccaquindiciTests/Pods-SpaccaquindiciTests.debug.xcconfig"; sourceTree = "<group>"; };
		350B30AC212728CD000C636A /* AchievementsTableViewController.swift */ = {isa = PBXFileReference; lastKnownFileType = sourcecode.swift; path = AchievementsTableViewController.swift; sourceTree = "<group>"; };
		3538DF94212739E8007AD686 /* UserAchievements.swift */ = {isa = PBXFileReference; lastKnownFileType = sourcecode.swift; path = UserAchievements.swift; sourceTree = "<group>"; };
		354FBDE820B0A361009D91BC /* MenuViewController.swift */ = {isa = PBXFileReference; lastKnownFileType = sourcecode.swift; path = MenuViewController.swift; sourceTree = "<group>"; };
		354FBDEA20B0B234009D91BC /* Tile.swift */ = {isa = PBXFileReference; lastKnownFileType = sourcecode.swift; path = Tile.swift; sourceTree = "<group>"; };
		354FBDEC20B0B84A009D91BC /* Board.swift */ = {isa = PBXFileReference; lastKnownFileType = sourcecode.swift; path = Board.swift; sourceTree = "<group>"; };
		355CA79720AF7BA000AB845E /* Spaccaquindici.app */ = {isa = PBXFileReference; explicitFileType = wrapper.application; includeInIndex = 0; path = Spaccaquindici.app; sourceTree = BUILT_PRODUCTS_DIR; };
		355CA79A20AF7BA000AB845E /* AppDelegate.swift */ = {isa = PBXFileReference; lastKnownFileType = sourcecode.swift; path = AppDelegate.swift; sourceTree = "<group>"; };
		355CA79C20AF7BA000AB845E /* ViewController.swift */ = {isa = PBXFileReference; lastKnownFileType = sourcecode.swift; path = ViewController.swift; sourceTree = "<group>"; };
		355CA79F20AF7BA000AB845E /* Base */ = {isa = PBXFileReference; lastKnownFileType = file.storyboard; name = Base; path = Base.lproj/Main.storyboard; sourceTree = "<group>"; };
		355CA7A220AF7BA000AB845E /* Spaccaquindici.xcdatamodel */ = {isa = PBXFileReference; lastKnownFileType = wrapper.xcdatamodel; path = Spaccaquindici.xcdatamodel; sourceTree = "<group>"; };
		355CA7A420AF7BA200AB845E /* Assets.xcassets */ = {isa = PBXFileReference; lastKnownFileType = folder.assetcatalog; path = Assets.xcassets; sourceTree = "<group>"; };
		355CA7A720AF7BA200AB845E /* Base */ = {isa = PBXFileReference; lastKnownFileType = file.storyboard; name = Base; path = Base.lproj/LaunchScreen.storyboard; sourceTree = "<group>"; };
		355CA7A920AF7BA200AB845E /* Info.plist */ = {isa = PBXFileReference; lastKnownFileType = text.plist.xml; path = Info.plist; sourceTree = "<group>"; };
		355CA7AE20AF7BA200AB845E /* SpaccaquindiciTests.xctest */ = {isa = PBXFileReference; explicitFileType = wrapper.cfbundle; includeInIndex = 0; path = SpaccaquindiciTests.xctest; sourceTree = BUILT_PRODUCTS_DIR; };
		355CA7B220AF7BA200AB845E /* SpaccaquindiciTests.swift */ = {isa = PBXFileReference; lastKnownFileType = sourcecode.swift; path = SpaccaquindiciTests.swift; sourceTree = "<group>"; };
		355CA7B420AF7BA200AB845E /* Info.plist */ = {isa = PBXFileReference; lastKnownFileType = text.plist.xml; path = Info.plist; sourceTree = "<group>"; };
		3569DF2820C1661C000541B8 /* Default-568h@2x.png */ = {isa = PBXFileReference; lastKnownFileType = image.png; path = "Default-568h@2x.png"; sourceTree = "<group>"; };
		35CCCE1D212577F100C4719C /* Achievements.swift */ = {isa = PBXFileReference; lastKnownFileType = sourcecode.swift; path = Achievements.swift; sourceTree = "<group>"; };
		35E6C55720C060BA00ECAF4F /* GameSetupViewController.swift */ = {isa = PBXFileReference; lastKnownFileType = sourcecode.swift; path = GameSetupViewController.swift; sourceTree = "<group>"; };
		35E6C55920C060D200ECAF4F /* GameViewController.swift */ = {isa = PBXFileReference; lastKnownFileType = sourcecode.swift; path = GameViewController.swift; sourceTree = "<group>"; };
		56F5A19C18B7F95EF8EE2DEB /* Pods-SpaccaquindiciTests.release.xcconfig */ = {isa = PBXFileReference; includeInIndex = 1; lastKnownFileType = text.xcconfig; name = "Pods-SpaccaquindiciTests.release.xcconfig"; path = "Pods/Target Support Files/Pods-SpaccaquindiciTests/Pods-SpaccaquindiciTests.release.xcconfig"; sourceTree = "<group>"; };
		D0CF531D30788671EC73BFF7 /* Pods-Spaccaquindici.release.xcconfig */ = {isa = PBXFileReference; includeInIndex = 1; lastKnownFileType = text.xcconfig; name = "Pods-Spaccaquindici.release.xcconfig"; path = "Pods/Target Support Files/Pods-Spaccaquindici/Pods-Spaccaquindici.release.xcconfig"; sourceTree = "<group>"; };
		F204FEDE13E19691BD8326C8 /* Pods_Spaccaquindici.framework */ = {isa = PBXFileReference; explicitFileType = wrapper.framework; includeInIndex = 0; path = Pods_Spaccaquindici.framework; sourceTree = BUILT_PRODUCTS_DIR; };
/* End PBXFileReference section */

/* Begin PBXFrameworksBuildPhase section */
		355CA79420AF7BA000AB845E /* Frameworks */ = {
			isa = PBXFrameworksBuildPhase;
			buildActionMask = 2147483647;
			files = (
				7BA375FC1892F65E39AC080A /* Pods_Spaccaquindici.framework in Frameworks */,
			);
			runOnlyForDeploymentPostprocessing = 0;
		};
		355CA7AB20AF7BA200AB845E /* Frameworks */ = {
			isa = PBXFrameworksBuildPhase;
			buildActionMask = 2147483647;
			files = (
				DABE3C06CF070F9BC1B8D95F /* Pods_SpaccaquindiciTests.framework in Frameworks */,
			);
			runOnlyForDeploymentPostprocessing = 0;
		};
/* End PBXFrameworksBuildPhase section */

/* Begin PBXGroup section */
		355CA78E20AF7BA000AB845E = {
			isa = PBXGroup;
			children = (
				3569DF2820C1661C000541B8 /* Default-568h@2x.png */,
				355CA79920AF7BA000AB845E /* Spaccaquindici */,
				355CA7B120AF7BA200AB845E /* SpaccaquindiciTests */,
				355CA79820AF7BA000AB845E /* Products */,
				BBD8E2B1C6E50522A0BC348A /* Pods */,
				962855AA890D3CEDA69D4EAC /* Frameworks */,
			);
			sourceTree = "<group>";
		};
		355CA79820AF7BA000AB845E /* Products */ = {
			isa = PBXGroup;
			children = (
				355CA79720AF7BA000AB845E /* Spaccaquindici.app */,
				355CA7AE20AF7BA200AB845E /* SpaccaquindiciTests.xctest */,
			);
			name = Products;
			sourceTree = "<group>";
		};
		355CA79920AF7BA000AB845E /* Spaccaquindici */ = {
			isa = PBXGroup;
			children = (
				3569DF2720C163C3000541B8 /* Model */,
				3569DF2620C16386000541B8 /* View */,
				3569DF2420C162CE000541B8 /* Controller */,
				355CA7A420AF7BA200AB845E /* Assets.xcassets */,
				355CA7A120AF7BA000AB845E /* Spaccaquindici.xcdatamodeld */,
				355CA7A920AF7BA200AB845E /* Info.plist */,
				35E6C55B20C0B34000ECAF4F /* Supporting Files */,
			);
			path = Spaccaquindici;
			sourceTree = "<group>";
		};
		355CA7B120AF7BA200AB845E /* SpaccaquindiciTests */ = {
			isa = PBXGroup;
			children = (
				355CA7B220AF7BA200AB845E /* SpaccaquindiciTests.swift */,
				355CA7B420AF7BA200AB845E /* Info.plist */,
			);
			path = SpaccaquindiciTests;
			sourceTree = "<group>";
		};
		3569DF2420C162CE000541B8 /* Controller */ = {
			isa = PBXGroup;
			children = (
				350B30AC212728CD000C636A /* AchievementsTableViewController.swift */,
				3538DF94212739E8007AD686 /* UserAchievements.swift */,
				355CA79C20AF7BA000AB845E /* ViewController.swift */,
				35E6C55720C060BA00ECAF4F /* GameSetupViewController.swift */,
				35E6C55920C060D200ECAF4F /* GameViewController.swift */,
				354FBDE820B0A361009D91BC /* MenuViewController.swift */,
			);
			path = Controller;
			sourceTree = "<group>";
		};
		3569DF2620C16386000541B8 /* View */ = {
			isa = PBXGroup;
			children = (
				355CA79E20AF7BA000AB845E /* Main.storyboard */,
			);
			path = View;
			sourceTree = "<group>";
		};
		3569DF2720C163C3000541B8 /* Model */ = {
			isa = PBXGroup;
			children = (
				35CCCE1D212577F100C4719C /* Achievements.swift */,
				354FBDEC20B0B84A009D91BC /* Board.swift */,
				354FBDEA20B0B234009D91BC /* Tile.swift */,
			);
			path = Model;
			sourceTree = "<group>";
		};
		35E6C55B20C0B34000ECAF4F /* Supporting Files */ = {
			isa = PBXGroup;
			children = (
				355CA79A20AF7BA000AB845E /* AppDelegate.swift */,
				355CA7A620AF7BA200AB845E /* LaunchScreen.storyboard */,
			);
			path = "Supporting Files";
			sourceTree = "<group>";
		};
		962855AA890D3CEDA69D4EAC /* Frameworks */ = {
			isa = PBXGroup;
			children = (
				F204FEDE13E19691BD8326C8 /* Pods_Spaccaquindici.framework */,
				14A90E6338E69D8E02CD95A1 /* Pods_SpaccaquindiciTests.framework */,
			);
			name = Frameworks;
			sourceTree = "<group>";
		};
		BBD8E2B1C6E50522A0BC348A /* Pods */ = {
			isa = PBXGroup;
			children = (
				05163A0EF09749C27D3CF7F6 /* Pods-Spaccaquindici.debug.xcconfig */,
				D0CF531D30788671EC73BFF7 /* Pods-Spaccaquindici.release.xcconfig */,
				1ECD1BCAF3D46475A0CFA0F1 /* Pods-SpaccaquindiciTests.debug.xcconfig */,
				56F5A19C18B7F95EF8EE2DEB /* Pods-SpaccaquindiciTests.release.xcconfig */,
			);
			name = Pods;
			sourceTree = "<group>";
		};
/* End PBXGroup section */

/* Begin PBXNativeTarget section */
		355CA79620AF7BA000AB845E /* Spaccaquindici */ = {
			isa = PBXNativeTarget;
			buildConfigurationList = 355CA7B720AF7BA200AB845E /* Build configuration list for PBXNativeTarget "Spaccaquindici" */;
			buildPhases = (
				0DDC8EF5193C879B1C199E7D /* [CP] Check Pods Manifest.lock */,
				355CA79320AF7BA000AB845E /* Sources */,
				355CA79420AF7BA000AB845E /* Frameworks */,
				355CA79520AF7BA000AB845E /* Resources */,
				9FC16E6340C0698EACDE7720 /* [CP] Embed Pods Frameworks */,
			);
			buildRules = (
			);
			dependencies = (
			);
			name = Spaccaquindici;
			productName = Spaccaquindici;
			productReference = 355CA79720AF7BA000AB845E /* Spaccaquindici.app */;
			productType = "com.apple.product-type.application";
		};
		355CA7AD20AF7BA200AB845E /* SpaccaquindiciTests */ = {
			isa = PBXNativeTarget;
			buildConfigurationList = 355CA7BA20AF7BA200AB845E /* Build configuration list for PBXNativeTarget "SpaccaquindiciTests" */;
			buildPhases = (
				222BA79142474A080262CBDB /* [CP] Check Pods Manifest.lock */,
				355CA7AA20AF7BA200AB845E /* Sources */,
				355CA7AB20AF7BA200AB845E /* Frameworks */,
				355CA7AC20AF7BA200AB845E /* Resources */,
			);
			buildRules = (
			);
			dependencies = (
				355CA7B020AF7BA200AB845E /* PBXTargetDependency */,
			);
			name = SpaccaquindiciTests;
			productName = SpaccaquindiciTests;
			productReference = 355CA7AE20AF7BA200AB845E /* SpaccaquindiciTests.xctest */;
			productType = "com.apple.product-type.bundle.unit-test";
		};
/* End PBXNativeTarget section */

/* Begin PBXProject section */
		355CA78F20AF7BA000AB845E /* Project object */ = {
			isa = PBXProject;
			attributes = {
				LastSwiftUpdateCheck = 0930;
				LastUpgradeCheck = 0930;
				ORGANIZATIONNAME = "Unibo App Mobili";
				TargetAttributes = {
					355CA79620AF7BA000AB845E = {
						CreatedOnToolsVersion = 9.3;
					};
					355CA7AD20AF7BA200AB845E = {
						CreatedOnToolsVersion = 9.3;
						TestTargetID = 355CA79620AF7BA000AB845E;
					};
				};
			};
			buildConfigurationList = 355CA79220AF7BA000AB845E /* Build configuration list for PBXProject "Spaccaquindici" */;
			compatibilityVersion = "Xcode 9.3";
			developmentRegion = en;
			hasScannedForEncodings = 0;
			knownRegions = (
				en,
				Base,
				ar,
				de,
				es,
				fr,
				id,
				it,
				ja,
				nl,
				"pt-BR",
				ru,
				tr,
				"zh-Hans",
			);
			mainGroup = 355CA78E20AF7BA000AB845E;
			productRefGroup = 355CA79820AF7BA000AB845E /* Products */;
			projectDirPath = "";
			projectRoot = "";
			targets = (
				355CA79620AF7BA000AB845E /* Spaccaquindici */,
				355CA7AD20AF7BA200AB845E /* SpaccaquindiciTests */,
			);
		};
/* End PBXProject section */

/* Begin PBXResourcesBuildPhase section */
		355CA79520AF7BA000AB845E /* Resources */ = {
			isa = PBXResourcesBuildPhase;
			buildActionMask = 2147483647;
			files = (
				355CA7A820AF7BA200AB845E /* LaunchScreen.storyboard in Resources */,
				3569DF2920C1661C000541B8 /* Default-568h@2x.png in Resources */,
				355CA7A520AF7BA200AB845E /* Assets.xcassets in Resources */,
				355CA7A020AF7BA000AB845E /* Main.storyboard in Resources */,
			);
			runOnlyForDeploymentPostprocessing = 0;
		};
		355CA7AC20AF7BA200AB845E /* Resources */ = {
			isa = PBXResourcesBuildPhase;
			buildActionMask = 2147483647;
			files = (
			);
			runOnlyForDeploymentPostprocessing = 0;
		};
/* End PBXResourcesBuildPhase section */

/* Begin PBXShellScriptBuildPhase section */
		0DDC8EF5193C879B1C199E7D /* [CP] Check Pods Manifest.lock */ = {
			isa = PBXShellScriptBuildPhase;
			buildActionMask = 2147483647;
			files = (
			);
			inputPaths = (
				"${PODS_PODFILE_DIR_PATH}/Podfile.lock",
				"${PODS_ROOT}/Manifest.lock",
			);
			name = "[CP] Check Pods Manifest.lock";
			outputPaths = (
				"$(DERIVED_FILE_DIR)/Pods-Spaccaquindici-checkManifestLockResult.txt",
			);
			runOnlyForDeploymentPostprocessing = 0;
			shellPath = /bin/sh;
			shellScript = "diff \"${PODS_PODFILE_DIR_PATH}/Podfile.lock\" \"${PODS_ROOT}/Manifest.lock\" > /dev/null\nif [ $? != 0 ] ; then\n    # print error to STDERR\n    echo \"error: The sandbox is not in sync with the Podfile.lock. Run 'pod install' or update your CocoaPods installation.\" >&2\n    exit 1\nfi\n# This output is used by Xcode 'outputs' to avoid re-running this script phase.\necho \"SUCCESS\" > \"${SCRIPT_OUTPUT_FILE_0}\"\n";
			showEnvVarsInLog = 0;
		};
		222BA79142474A080262CBDB /* [CP] Check Pods Manifest.lock */ = {
			isa = PBXShellScriptBuildPhase;
			buildActionMask = 2147483647;
			files = (
			);
			inputPaths = (
				"${PODS_PODFILE_DIR_PATH}/Podfile.lock",
				"${PODS_ROOT}/Manifest.lock",
			);
			name = "[CP] Check Pods Manifest.lock";
			outputPaths = (
				"$(DERIVED_FILE_DIR)/Pods-SpaccaquindiciTests-checkManifestLockResult.txt",
			);
			runOnlyForDeploymentPostprocessing = 0;
			shellPath = /bin/sh;
			shellScript = "diff \"${PODS_PODFILE_DIR_PATH}/Podfile.lock\" \"${PODS_ROOT}/Manifest.lock\" > /dev/null\nif [ $? != 0 ] ; then\n    # print error to STDERR\n    echo \"error: The sandbox is not in sync with the Podfile.lock. Run 'pod install' or update your CocoaPods installation.\" >&2\n    exit 1\nfi\n# This output is used by Xcode 'outputs' to avoid re-running this script phase.\necho \"SUCCESS\" > \"${SCRIPT_OUTPUT_FILE_0}\"\n";
			showEnvVarsInLog = 0;
		};
		9FC16E6340C0698EACDE7720 /* [CP] Embed Pods Frameworks */ = {
			isa = PBXShellScriptBuildPhase;
			buildActionMask = 2147483647;
			files = (
			);
			inputPaths = (
				"${SRCROOT}/Pods/Target Support Files/Pods-Spaccaquindici/Pods-Spaccaquindici-frameworks.sh",
				"${BUILT_PRODUCTS_DIR}/PryntTrimmerView/PryntTrimmerView.framework",
				"${BUILT_PRODUCTS_DIR}/SteviaLayout/Stevia.framework",
				"${BUILT_PRODUCTS_DIR}/YPImagePicker/YPImagePicker.framework",
			);
			name = "[CP] Embed Pods Frameworks";
			outputPaths = (
				"${TARGET_BUILD_DIR}/${FRAMEWORKS_FOLDER_PATH}/PryntTrimmerView.framework",
				"${TARGET_BUILD_DIR}/${FRAMEWORKS_FOLDER_PATH}/Stevia.framework",
				"${TARGET_BUILD_DIR}/${FRAMEWORKS_FOLDER_PATH}/YPImagePicker.framework",
			);
			runOnlyForDeploymentPostprocessing = 0;
			shellPath = /bin/sh;
			shellScript = "\"${SRCROOT}/Pods/Target Support Files/Pods-Spaccaquindici/Pods-Spaccaquindici-frameworks.sh\"\n";
			showEnvVarsInLog = 0;
		};
/* End PBXShellScriptBuildPhase section */

/* Begin PBXSourcesBuildPhase section */
		355CA79320AF7BA000AB845E /* Sources */ = {
			isa = PBXSourcesBuildPhase;
			buildActionMask = 2147483647;
			files = (
				3538DF95212739E8007AD686 /* UserAchievements.swift in Sources */,
				355CA79D20AF7BA000AB845E /* ViewController.swift in Sources */,
				35CCCE1E212577F100C4719C /* Achievements.swift in Sources */,
				355CA7A320AF7BA000AB845E /* Spaccaquindici.xcdatamodeld in Sources */,
				354FBDED20B0B84A009D91BC /* Board.swift in Sources */,
				354FBDEB20B0B234009D91BC /* Tile.swift in Sources */,
				35E6C55A20C060D200ECAF4F /* GameViewController.swift in Sources */,
				355CA79B20AF7BA000AB845E /* AppDelegate.swift in Sources */,
				354FBDE920B0A361009D91BC /* MenuViewController.swift in Sources */,
				35E6C55820C060BA00ECAF4F /* GameSetupViewController.swift in Sources */,
				350B30AD212728CD000C636A /* AchievementsTableViewController.swift in Sources */,
			);
			runOnlyForDeploymentPostprocessing = 0;
		};
		355CA7AA20AF7BA200AB845E /* Sources */ = {
			isa = PBXSourcesBuildPhase;
			buildActionMask = 2147483647;
			files = (
				355CA7B320AF7BA200AB845E /* SpaccaquindiciTests.swift in Sources */,
			);
			runOnlyForDeploymentPostprocessing = 0;
		};
/* End PBXSourcesBuildPhase section */

/* Begin PBXTargetDependency section */
		355CA7B020AF7BA200AB845E /* PBXTargetDependency */ = {
			isa = PBXTargetDependency;
			target = 355CA79620AF7BA000AB845E /* Spaccaquindici */;
			targetProxy = 355CA7AF20AF7BA200AB845E /* PBXContainerItemProxy */;
		};
/* End PBXTargetDependency section */

/* Begin PBXVariantGroup section */
		355CA79E20AF7BA000AB845E /* Main.storyboard */ = {
			isa = PBXVariantGroup;
			children = (
				355CA79F20AF7BA000AB845E /* Base */,
			);
			name = Main.storyboard;
			sourceTree = "<group>";
		};
		355CA7A620AF7BA200AB845E /* LaunchScreen.storyboard */ = {
			isa = PBXVariantGroup;
			children = (
				355CA7A720AF7BA200AB845E /* Base */,
			);
			name = LaunchScreen.storyboard;
			sourceTree = "<group>";
		};
/* End PBXVariantGroup section */

/* Begin XCBuildConfiguration section */
		355CA7B520AF7BA200AB845E /* Debug */ = {
			isa = XCBuildConfiguration;
			buildSettings = {
				ALWAYS_SEARCH_USER_PATHS = NO;
				CLANG_ANALYZER_NONNULL = YES;
				CLANG_ANALYZER_NUMBER_OBJECT_CONVERSION = YES_AGGRESSIVE;
				CLANG_CXX_LANGUAGE_STANDARD = "gnu++14";
				CLANG_CXX_LIBRARY = "libc++";
				CLANG_ENABLE_MODULES = YES;
				CLANG_ENABLE_OBJC_ARC = YES;
				CLANG_ENABLE_OBJC_WEAK = YES;
				CLANG_WARN_BLOCK_CAPTURE_AUTORELEASING = YES;
				CLANG_WARN_BOOL_CONVERSION = YES;
				CLANG_WARN_COMMA = YES;
				CLANG_WARN_CONSTANT_CONVERSION = YES;
				CLANG_WARN_DEPRECATED_OBJC_IMPLEMENTATIONS = YES;
				CLANG_WARN_DIRECT_OBJC_ISA_USAGE = YES_ERROR;
				CLANG_WARN_DOCUMENTATION_COMMENTS = YES;
				CLANG_WARN_EMPTY_BODY = YES;
				CLANG_WARN_ENUM_CONVERSION = YES;
				CLANG_WARN_INFINITE_RECURSION = YES;
				CLANG_WARN_INT_CONVERSION = YES;
				CLANG_WARN_NON_LITERAL_NULL_CONVERSION = YES;
				CLANG_WARN_OBJC_IMPLICIT_RETAIN_SELF = YES;
				CLANG_WARN_OBJC_LITERAL_CONVERSION = YES;
				CLANG_WARN_OBJC_ROOT_CLASS = YES_ERROR;
				CLANG_WARN_RANGE_LOOP_ANALYSIS = YES;
				CLANG_WARN_STRICT_PROTOTYPES = YES;
				CLANG_WARN_SUSPICIOUS_MOVE = YES;
				CLANG_WARN_UNGUARDED_AVAILABILITY = YES_AGGRESSIVE;
				CLANG_WARN_UNREACHABLE_CODE = YES;
				CLANG_WARN__DUPLICATE_METHOD_MATCH = YES;
				CODE_SIGN_IDENTITY = "iPhone Developer";
				COPY_PHASE_STRIP = NO;
				DEBUG_INFORMATION_FORMAT = dwarf;
				ENABLE_STRICT_OBJC_MSGSEND = YES;
				ENABLE_TESTABILITY = YES;
				GCC_C_LANGUAGE_STANDARD = gnu11;
				GCC_DYNAMIC_NO_PIC = NO;
				GCC_NO_COMMON_BLOCKS = YES;
				GCC_OPTIMIZATION_LEVEL = 0;
				GCC_PREPROCESSOR_DEFINITIONS = (
					"DEBUG=1",
					"$(inherited)",
				);
				GCC_WARN_64_TO_32_BIT_CONVERSION = YES;
				GCC_WARN_ABOUT_RETURN_TYPE = YES_ERROR;
				GCC_WARN_UNDECLARED_SELECTOR = YES;
				GCC_WARN_UNINITIALIZED_AUTOS = YES_AGGRESSIVE;
				GCC_WARN_UNUSED_FUNCTION = YES;
				GCC_WARN_UNUSED_VARIABLE = YES;
				IPHONEOS_DEPLOYMENT_TARGET = 11.3;
				MTL_ENABLE_DEBUG_INFO = YES;
				ONLY_ACTIVE_ARCH = YES;
				SDKROOT = iphoneos;
				SWIFT_ACTIVE_COMPILATION_CONDITIONS = DEBUG;
				SWIFT_OPTIMIZATION_LEVEL = "-Onone";
			};
			name = Debug;
		};
		355CA7B620AF7BA200AB845E /* Release */ = {
			isa = XCBuildConfiguration;
			buildSettings = {
				ALWAYS_SEARCH_USER_PATHS = NO;
				CLANG_ANALYZER_NONNULL = YES;
				CLANG_ANALYZER_NUMBER_OBJECT_CONVERSION = YES_AGGRESSIVE;
				CLANG_CXX_LANGUAGE_STANDARD = "gnu++14";
				CLANG_CXX_LIBRARY = "libc++";
				CLANG_ENABLE_MODULES = YES;
				CLANG_ENABLE_OBJC_ARC = YES;
				CLANG_ENABLE_OBJC_WEAK = YES;
				CLANG_WARN_BLOCK_CAPTURE_AUTORELEASING = YES;
				CLANG_WARN_BOOL_CONVERSION = YES;
				CLANG_WARN_COMMA = YES;
				CLANG_WARN_CONSTANT_CONVERSION = YES;
				CLANG_WARN_DEPRECATED_OBJC_IMPLEMENTATIONS = YES;
				CLANG_WARN_DIRECT_OBJC_ISA_USAGE = YES_ERROR;
				CLANG_WARN_DOCUMENTATION_COMMENTS = YES;
				CLANG_WARN_EMPTY_BODY = YES;
				CLANG_WARN_ENUM_CONVERSION = YES;
				CLANG_WARN_INFINITE_RECURSION = YES;
				CLANG_WARN_INT_CONVERSION = YES;
				CLANG_WARN_NON_LITERAL_NULL_CONVERSION = YES;
				CLANG_WARN_OBJC_IMPLICIT_RETAIN_SELF = YES;
				CLANG_WARN_OBJC_LITERAL_CONVERSION = YES;
				CLANG_WARN_OBJC_ROOT_CLASS = YES_ERROR;
				CLANG_WARN_RANGE_LOOP_ANALYSIS = YES;
				CLANG_WARN_STRICT_PROTOTYPES = YES;
				CLANG_WARN_SUSPICIOUS_MOVE = YES;
				CLANG_WARN_UNGUARDED_AVAILABILITY = YES_AGGRESSIVE;
				CLANG_WARN_UNREACHABLE_CODE = YES;
				CLANG_WARN__DUPLICATE_METHOD_MATCH = YES;
				CODE_SIGN_IDENTITY = "iPhone Developer";
				COPY_PHASE_STRIP = NO;
				DEBUG_INFORMATION_FORMAT = "dwarf-with-dsym";
				ENABLE_NS_ASSERTIONS = NO;
				ENABLE_STRICT_OBJC_MSGSEND = YES;
				GCC_C_LANGUAGE_STANDARD = gnu11;
				GCC_NO_COMMON_BLOCKS = YES;
				GCC_WARN_64_TO_32_BIT_CONVERSION = YES;
				GCC_WARN_ABOUT_RETURN_TYPE = YES_ERROR;
				GCC_WARN_UNDECLARED_SELECTOR = YES;
				GCC_WARN_UNINITIALIZED_AUTOS = YES_AGGRESSIVE;
				GCC_WARN_UNUSED_FUNCTION = YES;
				GCC_WARN_UNUSED_VARIABLE = YES;
				IPHONEOS_DEPLOYMENT_TARGET = 11.3;
				MTL_ENABLE_DEBUG_INFO = NO;
				SDKROOT = iphoneos;
				SWIFT_COMPILATION_MODE = wholemodule;
				SWIFT_OPTIMIZATION_LEVEL = "-O";
				VALIDATE_PRODUCT = YES;
			};
			name = Release;
		};
		355CA7B820AF7BA200AB845E /* Debug */ = {
			isa = XCBuildConfiguration;
			baseConfigurationReference = 05163A0EF09749C27D3CF7F6 /* Pods-Spaccaquindici.debug.xcconfig */;
			buildSettings = {
				ASSETCATALOG_COMPILER_APPICON_NAME = AppIcon;
				CODE_SIGN_STYLE = Automatic;
				DEVELOPMENT_TEAM = UY6SVVH6CS;
				INFOPLIST_FILE = Spaccaquindici/Info.plist;
				IPHONEOS_DEPLOYMENT_TARGET = 10.0;
				LD_RUNPATH_SEARCH_PATHS = (
					"$(inherited)",
					"@executable_path/Frameworks",
				);
				PRODUCT_BUNDLE_IDENTIFIER = unibo.giovanni.fazi.0000768043.Spaccaquindici;
				PRODUCT_NAME = "$(TARGET_NAME)";
				SWIFT_VERSION = 4.0;
				TARGETED_DEVICE_FAMILY = "1,2";
			};
			name = Debug;
		};
		355CA7B920AF7BA200AB845E /* Release */ = {
			isa = XCBuildConfiguration;
			baseConfigurationReference = D0CF531D30788671EC73BFF7 /* Pods-Spaccaquindici.release.xcconfig */;
			buildSettings = {
				ASSETCATALOG_COMPILER_APPICON_NAME = AppIcon;
				CODE_SIGN_STYLE = Automatic;
				DEVELOPMENT_TEAM = UY6SVVH6CS;
				INFOPLIST_FILE = Spaccaquindici/Info.plist;
				IPHONEOS_DEPLOYMENT_TARGET = 10.0;
				LD_RUNPATH_SEARCH_PATHS = (
					"$(inherited)",
					"@executable_path/Frameworks",
				);
				PRODUCT_BUNDLE_IDENTIFIER = unibo.giovanni.fazi.0000768043.Spaccaquindici;
				PRODUCT_NAME = "$(TARGET_NAME)";
				SWIFT_VERSION = 4.0;
				TARGETED_DEVICE_FAMILY = "1,2";
			};
			name = Release;
		};
		355CA7BB20AF7BA200AB845E /* Debug */ = {
			isa = XCBuildConfiguration;
			baseConfigurationReference = 1ECD1BCAF3D46475A0CFA0F1 /* Pods-SpaccaquindiciTests.debug.xcconfig */;
			buildSettings = {
				ALWAYS_EMBED_SWIFT_STANDARD_LIBRARIES = YES;
				BUNDLE_LOADER = "$(TEST_HOST)";
				CODE_SIGN_STYLE = Automatic;
				DEVELOPMENT_TEAM = UY6SVVH6CS;
				INFOPLIST_FILE = SpaccaquindiciTests/Info.plist;
				LD_RUNPATH_SEARCH_PATHS = (
					"$(inherited)",
					"@executable_path/Frameworks",
					"@loader_path/Frameworks",
				);
				PRODUCT_BUNDLE_IDENTIFIER = unibo.giovanni.fazi.0000768043.SpaccaquindiciTests;
				PRODUCT_NAME = "$(TARGET_NAME)";
				SWIFT_VERSION = 4.0;
				TARGETED_DEVICE_FAMILY = "1,2";
				TEST_HOST = "$(BUILT_PRODUCTS_DIR)/Spaccaquindici.app/Spaccaquindici";
			};
			name = Debug;
		};
		355CA7BC20AF7BA200AB845E /* Release */ = {
			isa = XCBuildConfiguration;
			baseConfigurationReference = 56F5A19C18B7F95EF8EE2DEB /* Pods-SpaccaquindiciTests.release.xcconfig */;
			buildSettings = {
				ALWAYS_EMBED_SWIFT_STANDARD_LIBRARIES = YES;
				BUNDLE_LOADER = "$(TEST_HOST)";
				CODE_SIGN_STYLE = Automatic;
				DEVELOPMENT_TEAM = UY6SVVH6CS;
				INFOPLIST_FILE = SpaccaquindiciTests/Info.plist;
				LD_RUNPATH_SEARCH_PATHS = (
					"$(inherited)",
					"@executable_path/Frameworks",
					"@loader_path/Frameworks",
				);
				PRODUCT_BUNDLE_IDENTIFIER = unibo.giovanni.fazi.0000768043.SpaccaquindiciTests;
				PRODUCT_NAME = "$(TARGET_NAME)";
				SWIFT_VERSION = 4.0;
				TARGETED_DEVICE_FAMILY = "1,2";
				TEST_HOST = "$(BUILT_PRODUCTS_DIR)/Spaccaquindici.app/Spaccaquindici";
			};
			name = Release;
		};
/* End XCBuildConfiguration section */

/* Begin XCConfigurationList section */
		355CA79220AF7BA000AB845E /* Build configuration list for PBXProject "Spaccaquindici" */ = {
			isa = XCConfigurationList;
			buildConfigurations = (
				355CA7B520AF7BA200AB845E /* Debug */,
				355CA7B620AF7BA200AB845E /* Release */,
			);
			defaultConfigurationIsVisible = 0;
			defaultConfigurationName = Release;
		};
		355CA7B720AF7BA200AB845E /* Build configuration list for PBXNativeTarget "Spaccaquindici" */ = {
			isa = XCConfigurationList;
			buildConfigurations = (
				355CA7B820AF7BA200AB845E /* Debug */,
				355CA7B920AF7BA200AB845E /* Release */,
			);
			defaultConfigurationIsVisible = 0;
			defaultConfigurationName = Release;
		};
		355CA7BA20AF7BA200AB845E /* Build configuration list for PBXNativeTarget "SpaccaquindiciTests" */ = {
			isa = XCConfigurationList;
			buildConfigurations = (
				355CA7BB20AF7BA200AB845E /* Debug */,
				355CA7BC20AF7BA200AB845E /* Release */,
			);
			defaultConfigurationIsVisible = 0;
			defaultConfigurationName = Release;
		};
/* End XCConfigurationList section */

/* Begin XCVersionGroup section */
		355CA7A120AF7BA000AB845E /* Spaccaquindici.xcdatamodeld */ = {
			isa = XCVersionGroup;
			children = (
				355CA7A220AF7BA000AB845E /* Spaccaquindici.xcdatamodel */,
			);
			currentVersion = 355CA7A220AF7BA000AB845E /* Spaccaquindici.xcdatamodel */;
			path = Spaccaquindici.xcdatamodeld;
			sourceTree = "<group>";
			versionGroupType = wrapper.xcdatamodel;
		};
/* End XCVersionGroup section */
	};
	rootObject = 355CA78F20AF7BA000AB845E /* Project object */;
}
